
Microsoft Visual Studio Solution File, Format Version 12.00
# Visual Studio Version 17
VisualStudioVersion = 17.6.33712.159
MinimumVisualStudioVersion = 10.0.40219.1
Project("{FAE04EC0-301F-11D3-BF4B-00C04F79EFBC}") = "WindowsFormsApp1", "WindowsFormsApp1\WindowsFormsApp1.csproj", "{6316EE85-5D6D-4CAA-B4A0-7B762D6C6EDE}"
EndProject
Global
	GlobalSection(SolutionConfigurationPlatforms) = preSolution
		Debug|Any CPU = Debug|Any CPU
		Release|Any CPU = Release|Any CPU
	EndGlobalSection
	GlobalSection(ProjectConfigurationPlatforms) = postSolution
		{6316EE85-5D6D-4CAA-B4A0-7B762D6C6EDE}.Debug|Any CPU.ActiveCfg = Debug|Any CPU
		{6316EE85-5D6D-4CAA-B4A0-7B762D6C6EDE}.Debug|Any CPU.Build.0 = Debug|Any CPU
		{6316EE85-5D6D-4CAA-B4A0-7B762D6C6EDE}.Release|Any CPU.ActiveCfg = Release|Any CPU
		{6316EE85-5D6D-4CAA-B4A0-7B762D6C6EDE}.Release|Any CPU.Build.0 = Release|Any CPU
	EndGlobalSection
	GlobalSection(SolutionProperties) = preSolution
		HideSolutionNode = FALSE
	EndGlobalSection
	GlobalSection(ExtensibilityGlobals) = postSolution
		SolutionGuid = {F8B0C5D5-D882-489A-B195-5E2D37E9A37A}
	EndGlobalSection
EndGlobal
